// !$*UTF8*$!
{
	archiveVersion = 1;
	classes = {
	};
	objectVersion = 46;
	objects = {

/* Begin PBXBuildFile section */
		EB2F924B1EEC5B6000CD0B1C /* AppDelegate.swift in Sources */ = {isa = PBXBuildFile; fileRef = EB2F924A1EEC5B6000CD0B1C /* AppDelegate.swift */; };
		EB2F924D1EEC5B6000CD0B1C /* SignInViewController.swift in Sources */ = {isa = PBXBuildFile; fileRef = EB2F924C1EEC5B6000CD0B1C /* SignInViewController.swift */; };
		EB2F92501EEC5B6000CD0B1C /* Main.storyboard in Resources */ = {isa = PBXBuildFile; fileRef = EB2F924E1EEC5B6000CD0B1C /* Main.storyboard */; };
		EB2F92521EEC5B6000CD0B1C /* Assets.xcassets in Resources */ = {isa = PBXBuildFile; fileRef = EB2F92511EEC5B6000CD0B1C /* Assets.xcassets */; };
		EB2F92551EEC5B6000CD0B1C /* LaunchScreen.storyboard in Resources */ = {isa = PBXBuildFile; fileRef = EB2F92531EEC5B6000CD0B1C /* LaunchScreen.storyboard */; };
		EB2F925D1EEC5DB600CD0B1C /* GoogleService-Info.plist in Resources */ = {isa = PBXBuildFile; fileRef = EB2F925C1EEC5DB600CD0B1C /* GoogleService-Info.plist */; };
		EB944C2E1EEC7D5700FF705C /* SnapsViewController.swift in Sources */ = {isa = PBXBuildFile; fileRef = EB944C2D1EEC7D5700FF705C /* SnapsViewController.swift */; };
		EB944C301EEC816600FF705C /* PictureViewController.swift in Sources */ = {isa = PBXBuildFile; fileRef = EB944C2F1EEC816600FF705C /* PictureViewController.swift */; };
		EB944C321EEC8F5900FF705C /* SelectUserViewController.swift in Sources */ = {isa = PBXBuildFile; fileRef = EB944C311EEC8F5900FF705C /* SelectUserViewController.swift */; };
		FF0718442990CFF8F7C472E6 /* Pods_Snapchat.framework in Frameworks */ = {isa = PBXBuildFile; fileRef = 7DBB644F50D083A04E1E97B8 /* Pods_Snapchat.framework */; };
/* End PBXBuildFile section */

/* Begin PBXFileReference section */
		71006F7DECFFE525D380C5EA /* Pods-Snapchat.release.xcconfig */ = {isa = PBXFileReference; includeInIndex = 1; lastKnownFileType = text.xcconfig; name = "Pods-Snapchat.release.xcconfig"; path = "Pods/Target Support Files/Pods-Snapchat/Pods-Snapchat.release.xcconfig"; sourceTree = "<group>"; };
		7DBB644F50D083A04E1E97B8 /* Pods_Snapchat.framework */ = {isa = PBXFileReference; explicitFileType = wrapper.framework; includeInIndex = 0; path = Pods_Snapchat.framework; sourceTree = BUILT_PRODUCTS_DIR; };
		C4ECC4E2AEE52ACC2D2F2402 /* Pods-Snapchat.debug.xcconfig */ = {isa = PBXFileReference; includeInIndex = 1; lastKnownFileType = text.xcconfig; name = "Pods-Snapchat.debug.xcconfig"; path = "Pods/Target Support Files/Pods-Snapchat/Pods-Snapchat.debug.xcconfig"; sourceTree = "<group>"; };
		EB2F92471EEC5B6000CD0B1C /* Snapchat.app */ = {isa = PBXFileReference; explicitFileType = wrapper.application; includeInIndex = 0; path = Snapchat.app; sourceTree = BUILT_PRODUCTS_DIR; };
		EB2F924A1EEC5B6000CD0B1C /* AppDelegate.swift */ = {isa = PBXFileReference; lastKnownFileType = sourcecode.swift; path = AppDelegate.swift; sourceTree = "<group>"; };
		EB2F924C1EEC5B6000CD0B1C /* SignInViewController.swift */ = {isa = PBXFileReference; lastKnownFileType = sourcecode.swift; path = SignInViewController.swift; sourceTree = "<group>"; };
		EB2F924F1EEC5B6000CD0B1C /* Base */ = {isa = PBXFileReference; lastKnownFileType = file.storyboard; name = Base; path = Base.lproj/Main.storyboard; sourceTree = "<group>"; };
		EB2F92511EEC5B6000CD0B1C /* Assets.xcassets */ = {isa = PBXFileReference; lastKnownFileType = folder.assetcatalog; path = Assets.xcassets; sourceTree = "<group>"; };
		EB2F92541EEC5B6000CD0B1C /* Base */ = {isa = PBXFileReference; lastKnownFileType = file.storyboard; name = Base; path = Base.lproj/LaunchScreen.storyboard; sourceTree = "<group>"; };
		EB2F92561EEC5B6000CD0B1C /* Info.plist */ = {isa = PBXFileReference; lastKnownFileType = text.plist.xml; path = Info.plist; sourceTree = "<group>"; };
		EB2F925C1EEC5DB600CD0B1C /* GoogleService-Info.plist */ = {isa = PBXFileReference; fileEncoding = 4; lastKnownFileType = text.plist.xml; path = "GoogleService-Info.plist"; sourceTree = "<group>"; };
		EB944C2D1EEC7D5700FF705C /* SnapsViewController.swift */ = {isa = PBXFileReference; fileEncoding = 4; lastKnownFileType = sourcecode.swift; path = SnapsViewController.swift; sourceTree = "<group>"; };
		EB944C2F1EEC816600FF705C /* PictureViewController.swift */ = {isa = PBXFileReference; fileEncoding = 4; lastKnownFileType = sourcecode.swift; path = PictureViewController.swift; sourceTree = "<group>"; };
		EB944C311EEC8F5900FF705C /* SelectUserViewController.swift */ = {isa = PBXFileReference; fileEncoding = 4; lastKnownFileType = sourcecode.swift; path = SelectUserViewController.swift; sourceTree = "<group>"; };
/* End PBXFileReference section */

/* Begin PBXFrameworksBuildPhase section */
		EB2F92441EEC5B6000CD0B1C /* Frameworks */ = {
			isa = PBXFrameworksBuildPhase;
			buildActionMask = 2147483647;
			files = (
				FF0718442990CFF8F7C472E6 /* Pods_Snapchat.framework in Frameworks */,
			);
			runOnlyForDeploymentPostprocessing = 0;
		};
/* End PBXFrameworksBuildPhase section */

/* Begin PBXGroup section */
		11D95E2D4ADD597CE73A91D5 /* Pods */ = {
			isa = PBXGroup;
			children = (
				C4ECC4E2AEE52ACC2D2F2402 /* Pods-Snapchat.debug.xcconfig */,
				71006F7DECFFE525D380C5EA /* Pods-Snapchat.release.xcconfig */,
			);
			name = Pods;
			sourceTree = "<group>";
		};
		A8C7B09B6D9329BEEAE72FDD /* Frameworks */ = {
			isa = PBXGroup;
			children = (
				7DBB644F50D083A04E1E97B8 /* Pods_Snapchat.framework */,
			);
			name = Frameworks;
			sourceTree = "<group>";
		};
		EB2F923E1EEC5B6000CD0B1C = {
			isa = PBXGroup;
			children = (
				EB2F92491EEC5B6000CD0B1C /* Snapchat */,
				EB2F92481EEC5B6000CD0B1C /* Products */,
				11D95E2D4ADD597CE73A91D5 /* Pods */,
				A8C7B09B6D9329BEEAE72FDD /* Frameworks */,
			);
			sourceTree = "<group>";
		};
		EB2F92481EEC5B6000CD0B1C /* Products */ = {
			isa = PBXGroup;
			children = (
				EB2F92471EEC5B6000CD0B1C /* Snapchat.app */,
			);
			name = Products;
			sourceTree = "<group>";
		};
		EB2F92491EEC5B6000CD0B1C /* Snapchat */ = {
			isa = PBXGroup;
			children = (
				EB2F924A1EEC5B6000CD0B1C /* AppDelegate.swift */,
				EB2F924C1EEC5B6000CD0B1C /* SignInViewController.swift */,
				EB2F924E1EEC5B6000CD0B1C /* Main.storyboard */,
				EB944C311EEC8F5900FF705C /* SelectUserViewController.swift */,
				EB944C2F1EEC816600FF705C /* PictureViewController.swift */,
				EB944C2D1EEC7D5700FF705C /* SnapsViewController.swift */,
				EB2F92511EEC5B6000CD0B1C /* Assets.xcassets */,
				EB2F92531EEC5B6000CD0B1C /* LaunchScreen.storyboard */,
				EB2F92561EEC5B6000CD0B1C /* Info.plist */,
				EB2F925C1EEC5DB600CD0B1C /* GoogleService-Info.plist */,
			);
			path = Snapchat;
			sourceTree = "<group>";
		};
/* End PBXGroup section */

/* Begin PBXNativeTarget section */
		EB2F92461EEC5B6000CD0B1C /* Snapchat */ = {
			isa = PBXNativeTarget;
			buildConfigurationList = EB2F92591EEC5B6000CD0B1C /* Build configuration list for PBXNativeTarget "Snapchat" */;
			buildPhases = (
				FF8AF970B2380E2EB985F228 /* [CP] Check Pods Manifest.lock */,
				EB2F92431EEC5B6000CD0B1C /* Sources */,
				EB2F92441EEC5B6000CD0B1C /* Frameworks */,
				EB2F92451EEC5B6000CD0B1C /* Resources */,
				AEB9A60B0573AF7C0701A8F0 /* [CP] Embed Pods Frameworks */,
				563F241506D22EC5B367AF36 /* [CP] Copy Pods Resources */,
			);
			buildRules = (
			);
			dependencies = (
			);
			name = Snapchat;
			productName = Snapchat;
			productReference = EB2F92471EEC5B6000CD0B1C /* Snapchat.app */;
			productType = "com.apple.product-type.application";
		};
/* End PBXNativeTarget section */

/* Begin PBXProject section */
		EB2F923F1EEC5B6000CD0B1C /* Project object */ = {
			isa = PBXProject;
			attributes = {
				LastSwiftUpdateCheck = 0830;
				LastUpgradeCheck = 0830;
				ORGANIZATIONNAME = "the Luckiest";
				TargetAttributes = {
					EB2F92461EEC5B6000CD0B1C = {
						CreatedOnToolsVersion = 8.3.3;
						DevelopmentTeam = Z59CRYWHG5;
						ProvisioningStyle = Automatic;
					};
				};
			};
			buildConfigurationList = EB2F92421EEC5B6000CD0B1C /* Build configuration list for PBXProject "Snapchat" */;
			compatibilityVersion = "Xcode 3.2";
			developmentRegion = English;
			hasScannedForEncodings = 0;
			knownRegions = (
				en,
				Base,
			);
			mainGroup = EB2F923E1EEC5B6000CD0B1C;
			productRefGroup = EB2F92481EEC5B6000CD0B1C /* Products */;
			projectDirPath = "";
			projectRoot = "";
			targets = (
				EB2F92461EEC5B6000CD0B1C /* Snapchat */,
			);
		};
/* End PBXProject section */

/* Begin PBXResourcesBuildPhase section */
		EB2F92451EEC5B6000CD0B1C /* Resources */ = {
			isa = PBXResourcesBuildPhase;
			buildActionMask = 2147483647;
			files = (
				EB2F92551EEC5B6000CD0B1C /* LaunchScreen.storyboard in Resources */,
				EB2F925D1EEC5DB600CD0B1C /* GoogleService-Info.plist in Resources */,
				EB2F92521EEC5B6000CD0B1C /* Assets.xcassets in Resources */,
				EB2F92501EEC5B6000CD0B1C /* Main.storyboard in Resources */,
			);
			runOnlyForDeploymentPostprocessing = 0;
		};
/* End PBXResourcesBuildPhase section */

/* Begin PBXShellScriptBuildPhase section */
		563F241506D22EC5B367AF36 /* [CP] Copy Pods Resources */ = {
			isa = PBXShellScriptBuildPhase;
			buildActionMask = 2147483647;
			files = (
			);
			inputPaths = (
			);
			name = "[CP] Copy Pods Resources";
			outputPaths = (
			);
			runOnlyForDeploymentPostprocessing = 0;
			shellPath = /bin/sh;
			shellScript = "\"${SRCROOT}/Pods/Target Support Files/Pods-Snapchat/Pods-Snapchat-resources.sh\"\n";
			showEnvVarsInLog = 0;
		};
		AEB9A60B0573AF7C0701A8F0 /* [CP] Embed Pods Frameworks */ = {
			isa = PBXShellScriptBuildPhase;
			buildActionMask = 2147483647;
			files = (
			);
			inputPaths = (
			);
			name = "[CP] Embed Pods Frameworks";
			outputPaths = (
			);
			runOnlyForDeploymentPostprocessing = 0;
			shellPath = /bin/sh;
			shellScript = "\"${SRCROOT}/Pods/Target Support Files/Pods-Snapchat/Pods-Snapchat-frameworks.sh\"\n";
			showEnvVarsInLog = 0;
		};
		FF8AF970B2380E2EB985F228 /* [CP] Check Pods Manifest.lock */ = {
			isa = PBXShellScriptBuildPhase;
			buildActionMask = 2147483647;
			files = (
			);
			inputPaths = (
			);
			name = "[CP] Check Pods Manifest.lock";
			outputPaths = (
			);
			runOnlyForDeploymentPostprocessing = 0;
			shellPath = /bin/sh;
			shellScript = "diff \"${PODS_PODFILE_DIR_PATH}/Podfile.lock\" \"${PODS_ROOT}/Manifest.lock\" > /dev/null\nif [ $? != 0 ] ; then\n    # print error to STDERR\n    echo \"error: The sandbox is not in sync with the Podfile.lock. Run 'pod install' or update your CocoaPods installation.\" >&2\n    exit 1\nfi\n";
			showEnvVarsInLog = 0;
		};
/* End PBXShellScriptBuildPhase section */

/* Begin PBXSourcesBuildPhase section */
		EB2F92431EEC5B6000CD0B1C /* Sources */ = {
			isa = PBXSourcesBuildPhase;
			buildActionMask = 2147483647;
			files = (
				EB2F924D1EEC5B6000CD0B1C /* SignInViewController.swift in Sources */,
				EB944C301EEC816600FF705C /* PictureViewController.swift in Sources */,
				EB944C321EEC8F5900FF705C /* SelectUserViewController.swift in Sources */,
				EB2F924B1EEC5B6000CD0B1C /* AppDelegate.swift in Sources */,
				EB944C2E1EEC7D5700FF705C /* SnapsViewController.swift in Sources */,
			);
			runOnlyForDeploymentPostprocessing = 0;
		};
/* End PBXSourcesBuildPhase section */

/* Begin PBXVariantGroup section */
		EB2F924E1EEC5B6000CD0B1C /* Main.storyboard */ = {
			isa = PBXVariantGroup;
			children = (
				EB2F924F1EEC5B6000CD0B1C /* Base */,
			);
			name = Main.storyboard;
			sourceTree = "<group>";
		};
		EB2F92531EEC5B6000CD0B1C /* LaunchScreen.storyboard */ = {
			isa = PBXVariantGroup;
			children = (
				EB2F92541EEC5B6000CD0B1C /* Base */,
			);
			name = LaunchScreen.storyboard;
			sourceTree = "<group>";
		};
/* End PBXVariantGroup section */

/* Begin XCBuildConfiguration section */
		EB2F92571EEC5B6000CD0B1C /* Debug */ = {
			isa = XCBuildConfiguration;
			buildSettings = {
				ALWAYS_SEARCH_USER_PATHS = NO;
				CLANG_ANALYZER_NONNULL = YES;
				CLANG_ANALYZER_NUMBER_OBJECT_CONVERSION = YES_AGGRESSIVE;
				CLANG_CXX_LANGUAGE_STANDARD = "gnu++0x";
				CLANG_CXX_LIBRARY = "libc++";
				CLANG_ENABLE_MODULES = YES;
				CLANG_ENABLE_OBJC_ARC = YES;
				CLANG_WARN_BOOL_CONVERSION = YES;
				CLANG_WARN_CONSTANT_CONVERSION = YES;
				CLANG_WARN_DIRECT_OBJC_ISA_USAGE = YES_ERROR;
				CLANG_WARN_DOCUMENTATION_COMMENTS = YES;
				CLANG_WARN_EMPTY_BODY = YES;
				CLANG_WARN_ENUM_CONVERSION = YES;
				CLANG_WARN_INFINITE_RECURSION = YES;
				CLANG_WARN_INT_CONVERSION = YES;
				CLANG_WARN_OBJC_ROOT_CLASS = YES_ERROR;
				CLANG_WARN_SUSPICIOUS_MOVE = YES;
				CLANG_WARN_UNREACHABLE_CODE = YES;
				CLANG_WARN__DUPLICATE_METHOD_MATCH = YES;
				"CODE_SIGN_IDENTITY[sdk=iphoneos*]" = "iPhone Developer";
				COPY_PHASE_STRIP = NO;
				DEBUG_INFORMATION_FORMAT = dwarf;
				ENABLE_STRICT_OBJC_MSGSEND = YES;
				ENABLE_TESTABILITY = YES;
				GCC_C_LANGUAGE_STANDARD = gnu99;
				GCC_DYNAMIC_NO_PIC = NO;
				GCC_NO_COMMON_BLOCKS = YES;
				GCC_OPTIMIZATION_LEVEL = 0;
				GCC_PREPROCESSOR_DEFINITIONS = (
					"DEBUG=1",
					"$(inherited)",
				);
				GCC_WARN_64_TO_32_BIT_CONVERSION = YES;
				GCC_WARN_ABOUT_RETURN_TYPE = YES_ERROR;
				GCC_WARN_UNDECLARED_SELECTOR = YES;
				GCC_WARN_UNINITIALIZED_AUTOS = YES_AGGRESSIVE;
				GCC_WARN_UNUSED_FUNCTION = YES;
				GCC_WARN_UNUSED_VARIABLE = YES;
				IPHONEOS_DEPLOYMENT_TARGET = 10.3;
				MTL_ENABLE_DEBUG_INFO = YES;
				ONLY_ACTIVE_ARCH = YES;
				SDKROOT = iphoneos;
				SWIFT_ACTIVE_COMPILATION_CONDITIONS = DEBUG;
				SWIFT_OPTIMIZATION_LEVEL = "-Onone";
				TARGETED_DEVICE_FAMILY = "1,2";
			};
			name = Debug;
		};
		EB2F92581EEC5B6000CD0B1C /* Release */ = {
			isa = XCBuildConfiguration;
			buildSettings = {
				ALWAYS_SEARCH_USER_PATHS = NO;
				CLANG_ANALYZER_NONNULL = YES;
				CLANG_ANALYZER_NUMBER_OBJECT_CONVERSION = YES_AGGRESSIVE;
				CLANG_CXX_LANGUAGE_STANDARD = "gnu++0x";
				CLANG_CXX_LIBRARY = "libc++";
				CLANG_ENABLE_MODULES = YES;
				CLANG_ENABLE_OBJC_ARC = YES;
				CLANG_WARN_BOOL_CONVERSION = YES;
				CLANG_WARN_CONSTANT_CONVERSION = YES;
				CLANG_WARN_DIRECT_OBJC_ISA_USAGE = YES_ERROR;
				CLANG_WARN_DOCUMENTATION_COMMENTS = YES;
				CLANG_WARN_EMPTY_BODY = YES;
				CLANG_WARN_ENUM_CONVERSION = YES;
				CLANG_WARN_INFINITE_RECURSION = YES;
				CLANG_WARN_INT_CONVERSION = YES;
				CLANG_WARN_OBJC_ROOT_CLASS = YES_ERROR;
				CLANG_WARN_SUSPICIOUS_MOVE = YES;
				CLANG_WARN_UNREACHABLE_CODE = YES;
				CLANG_WARN__DUPLICATE_METHOD_MATCH = YES;
				"CODE_SIGN_IDENTITY[sdk=iphoneos*]" = "iPhone Developer";
				COPY_PHASE_STRIP = NO;
				DEBUG_INFORMATION_FORMAT = "dwarf-with-dsym";
				ENABLE_NS_ASSERTIONS = NO;
				ENABLE_STRICT_OBJC_MSGSEND = YES;
				GCC_C_LANGUAGE_STANDARD = gnu99;
				GCC_NO_COMMON_BLOCKS = YES;
				GCC_WARN_64_TO_32_BIT_CONVERSION = YES;
				GCC_WARN_ABOUT_RETURN_TYPE = YES_ERROR;
				GCC_WARN_UNDECLARED_SELECTOR = YES;
				GCC_WARN_UNINITIALIZED_AUTOS = YES_AGGRESSIVE;
				GCC_WARN_UNUSED_FUNCTION = YES;
				GCC_WARN_UNUSED_VARIABLE = YES;
				IPHONEOS_DEPLOYMENT_TARGET = 10.3;
				MTL_ENABLE_DEBUG_INFO = NO;
				SDKROOT = iphoneos;
				SWIFT_OPTIMIZATION_LEVEL = "-Owholemodule";
				TARGETED_DEVICE_FAMILY = "1,2";
				VALIDATE_PRODUCT = YES;
			};
			name = Release;
		};
		EB2F925A1EEC5B6000CD0B1C /* Debug */ = {
			isa = XCBuildConfiguration;
			baseConfigurationReference = C4ECC4E2AEE52ACC2D2F2402 /* Pods-Snapchat.debug.xcconfig */;
			buildSettings = {
				ASSETCATALOG_COMPILER_APPICON_NAME = AppIcon;
				DEVELOPMENT_TEAM = Z59CRYWHG5;
				INFOPLIST_FILE = Snapchat/Info.plist;
				LD_RUNPATH_SEARCH_PATHS = "$(inherited) @executable_path/Frameworks";
				PRODUCT_BUNDLE_IDENTIFIER = com.master.Snapchat;
				PRODUCT_NAME = "$(TARGET_NAME)";
				SWIFT_VERSION = 3.0;
			};
			name = Debug;
		};
		EB2F925B1EEC5B6000CD0B1C /* Release */ = {
			isa = XCBuildConfiguration;
			baseConfigurationReference = 71006F7DECFFE525D380C5EA /* Pods-Snapchat.release.xcconfig */;
			buildSettings = {
				ASSETCATALOG_COMPILER_APPICON_NAME = AppIcon;
				DEVELOPMENT_TEAM = Z59CRYWHG5;
				INFOPLIST_FILE = Snapchat/Info.plist;
				LD_RUNPATH_SEARCH_PATHS = "$(inherited) @executable_path/Frameworks";
				PRODUCT_BUNDLE_IDENTIFIER = com.master.Snapchat;
				PRODUCT_NAME = "$(TARGET_NAME)";
				SWIFT_VERSION = 3.0;
			};
			name = Release;
		};
/* End XCBuildConfiguration section */

/* Begin XCConfigurationList section */
		EB2F92421EEC5B6000CD0B1C /* Build configuration list for PBXProject "Snapchat" */ = {
			isa = XCConfigurationList;
			buildConfigurations = (
				EB2F92571EEC5B6000CD0B1C /* Debug */,
				EB2F92581EEC5B6000CD0B1C /* Release */,
			);
			defaultConfigurationIsVisible = 0;
			defaultConfigurationName = Release;
		};
		EB2F92591EEC5B6000CD0B1C /* Build configuration list for PBXNativeTarget "Snapchat" */ = {
			isa = XCConfigurationList;
			buildConfigurations = (
				EB2F925A1EEC5B6000CD0B1C /* Debug */,
				EB2F925B1EEC5B6000CD0B1C /* Release */,
			);
			defaultConfigurationIsVisible = 0;
			defaultConfigurationName = Release;
		};
/* End XCConfigurationList section */
	};
	rootObject = EB2F923F1EEC5B6000CD0B1C /* Project object */;
}
